
Microsoft Visual Studio Solution File, Format Version 12.00
# Visual Studio Version 17
VisualStudioVersion = 17.9.34728.123
MinimumVisualStudioVersion = 10.0.40219.1
Project("{9A19103F-16F7-4668-BE54-9A1E7A4F7556}") = "The Defense of Consolas", "The Defense of Consolas\The Defense of Consolas.csproj", "{4441709F-7CE9-4FC5-B506-748380C94675}"
EndProject
Project("{9A19103F-16F7-4668-BE54-9A1E7A4F7556}") = "Watchtower", "Watchtower\Watchtower.csproj", "{FEE5595B-4693-44EC-ABA7-1F4652C1E3B7}"
EndProject
Project("{9A19103F-16F7-4668-BE54-9A1E7A4F7556}") = "Buying Inventory", "Buying Inventory\Buying Inventory.csproj", "{7CDFB3A8-1310-4F49-B3D0-A4663BD8128D}"
EndProject
Project("{9A19103F-16F7-4668-BE54-9A1E7A4F7556}") = "The Prototype", "The Prototype\The Prototype.csproj", "{719B7B78-23CD-4C5B-A0D4-F80D9BC563CC}"
EndProject
Project("{9A19103F-16F7-4668-BE54-9A1E7A4F7556}") = "The Magic Cannon", "The Magic Cannon\The Magic Cannon.csproj", "{2DCD83F7-D587-4392-A2D1-2A2284601CD1}"
EndProject
Project("{9A19103F-16F7-4668-BE54-9A1E7A4F7556}") = "The Replicator of D’To", "The Replicator of D’To\The Replicator of D’To.csproj", "{080B017A-C5B4-4A3E-A650-0E7284F56428}"
EndProject
Project("{9A19103F-16F7-4668-BE54-9A1E7A4F7556}") = "The Laws of Freach", "The Laws of Freach\The Laws of Freach.csproj", "{CE6A3335-3875-4D4D-9510-19F9B822C3B5}"
EndProject
Project("{9A19103F-16F7-4668-BE54-9A1E7A4F7556}") = "Taking a Number", "Taking a Number\Taking a Number.csproj", "{D0C3D89A-17FC-4055-B9D0-A7436BB02FA4}"
EndProject
Project("{9A19103F-16F7-4668-BE54-9A1E7A4F7556}") = "Countdown", "Countdown\Countdown.csproj", "{AB626853-D25A-48E7-A3C0-6120D22E5327}"
EndProject
Project("{9A19103F-16F7-4668-BE54-9A1E7A4F7556}") = "Hunting the Manticore", "Hunting the Manticore\Hunting the Manticore.csproj", "{CA06DFEB-98B2-4700-A64C-C6EFA0512CC6}"
EndProject
Project("{2150E333-8FDC-42A3-9474-1A3956D46DE8}") = "Solutions", "Solutions", "{B2DCA6C3-E10A-4AF9-AC09-BA5F1D376CCB}"
EndProject
Project("{9A19103F-16F7-4668-BE54-9A1E7A4F7556}") = "Simula’s Test", "Simula’s Test\Simula’s Test.csproj", "{D7F2AD60-8021-43B4-8E6F-EBE387438C48}"
EndProject
Project("{2150E333-8FDC-42A3-9474-1A3956D46DE8}") = "Part1", "Part1", "{9A51AACE-6150-4196-B4CB-B13FEC6A91F0}"
EndProject
Project("{2150E333-8FDC-42A3-9474-1A3956D46DE8}") = "Part2", "Part2", "{5D120DA3-3E71-4DB8-8885-83BC40EA683F}"
EndProject
Global
	GlobalSection(SolutionConfigurationPlatforms) = preSolution
		Debug|Any CPU = Debug|Any CPU
		Release|Any CPU = Release|Any CPU
	EndGlobalSection
	GlobalSection(ProjectConfigurationPlatforms) = postSolution
		{4441709F-7CE9-4FC5-B506-748380C94675}.Debug|Any CPU.ActiveCfg = Debug|Any CPU
		{4441709F-7CE9-4FC5-B506-748380C94675}.Debug|Any CPU.Build.0 = Debug|Any CPU
		{4441709F-7CE9-4FC5-B506-748380C94675}.Release|Any CPU.ActiveCfg = Release|Any CPU
		{4441709F-7CE9-4FC5-B506-748380C94675}.Release|Any CPU.Build.0 = Release|Any CPU
		{FEE5595B-4693-44EC-ABA7-1F4652C1E3B7}.Debug|Any CPU.ActiveCfg = Debug|Any CPU
		{FEE5595B-4693-44EC-ABA7-1F4652C1E3B7}.Debug|Any CPU.Build.0 = Debug|Any CPU
		{FEE5595B-4693-44EC-ABA7-1F4652C1E3B7}.Release|Any CPU.ActiveCfg = Release|Any CPU
		{FEE5595B-4693-44EC-ABA7-1F4652C1E3B7}.Release|Any CPU.Build.0 = Release|Any CPU
		{7CDFB3A8-1310-4F49-B3D0-A4663BD8128D}.Debug|Any CPU.ActiveCfg = Debug|Any CPU
		{7CDFB3A8-1310-4F49-B3D0-A4663BD8128D}.Debug|Any CPU.Build.0 = Debug|Any CPU
		{7CDFB3A8-1310-4F49-B3D0-A4663BD8128D}.Release|Any CPU.ActiveCfg = Release|Any CPU
		{7CDFB3A8-1310-4F49-B3D0-A4663BD8128D}.Release|Any CPU.Build.0 = Release|Any CPU
		{719B7B78-23CD-4C5B-A0D4-F80D9BC563CC}.Debug|Any CPU.ActiveCfg = Debug|Any CPU
		{719B7B78-23CD-4C5B-A0D4-F80D9BC563CC}.Debug|Any CPU.Build.0 = Debug|Any CPU
		{719B7B78-23CD-4C5B-A0D4-F80D9BC563CC}.Release|Any CPU.ActiveCfg = Release|Any CPU
		{719B7B78-23CD-4C5B-A0D4-F80D9BC563CC}.Release|Any CPU.Build.0 = Release|Any CPU
		{2DCD83F7-D587-4392-A2D1-2A2284601CD1}.Debug|Any CPU.ActiveCfg = Debug|Any CPU
		{2DCD83F7-D587-4392-A2D1-2A2284601CD1}.Debug|Any CPU.Build.0 = Debug|Any CPU
		{2DCD83F7-D587-4392-A2D1-2A2284601CD1}.Release|Any CPU.ActiveCfg = Release|Any CPU
		{2DCD83F7-D587-4392-A2D1-2A2284601CD1}.Release|Any CPU.Build.0 = Release|Any CPU
		{080B017A-C5B4-4A3E-A650-0E7284F56428}.Debug|Any CPU.ActiveCfg = Debug|Any CPU
		{080B017A-C5B4-4A3E-A650-0E7284F56428}.Debug|Any CPU.Build.0 = Debug|Any CPU
		{080B017A-C5B4-4A3E-A650-0E7284F56428}.Release|Any CPU.ActiveCfg = Release|Any CPU
		{080B017A-C5B4-4A3E-A650-0E7284F56428}.Release|Any CPU.Build.0 = Release|Any CPU
		{CE6A3335-3875-4D4D-9510-19F9B822C3B5}.Debug|Any CPU.ActiveCfg = Debug|Any CPU
		{CE6A3335-3875-4D4D-9510-19F9B822C3B5}.Debug|Any CPU.Build.0 = Debug|Any CPU
		{CE6A3335-3875-4D4D-9510-19F9B822C3B5}.Release|Any CPU.ActiveCfg = Release|Any CPU
		{CE6A3335-3875-4D4D-9510-19F9B822C3B5}.Release|Any CPU.Build.0 = Release|Any CPU
		{D0C3D89A-17FC-4055-B9D0-A7436BB02FA4}.Debug|Any CPU.ActiveCfg = Debug|Any CPU
		{D0C3D89A-17FC-4055-B9D0-A7436BB02FA4}.Debug|Any CPU.Build.0 = Debug|Any CPU
		{D0C3D89A-17FC-4055-B9D0-A7436BB02FA4}.Release|Any CPU.ActiveCfg = Release|Any CPU
		{D0C3D89A-17FC-4055-B9D0-A7436BB02FA4}.Release|Any CPU.Build.0 = Release|Any CPU
		{AB626853-D25A-48E7-A3C0-6120D22E5327}.Debug|Any CPU.ActiveCfg = Debug|Any CPU
		{AB626853-D25A-48E7-A3C0-6120D22E5327}.Debug|Any CPU.Build.0 = Debug|Any CPU
		{AB626853-D25A-48E7-A3C0-6120D22E5327}.Release|Any CPU.ActiveCfg = Release|Any CPU
		{AB626853-D25A-48E7-A3C0-6120D22E5327}.Release|Any CPU.Build.0 = Release|Any CPU
		{CA06DFEB-98B2-4700-A64C-C6EFA0512CC6}.Debug|Any CPU.ActiveCfg = Debug|Any CPU
		{CA06DFEB-98B2-4700-A64C-C6EFA0512CC6}.Debug|Any CPU.Build.0 = Debug|Any CPU
		{CA06DFEB-98B2-4700-A64C-C6EFA0512CC6}.Release|Any CPU.ActiveCfg = Release|Any CPU
		{CA06DFEB-98B2-4700-A64C-C6EFA0512CC6}.Release|Any CPU.Build.0 = Release|Any CPU
		{D7F2AD60-8021-43B4-8E6F-EBE387438C48}.Debug|Any CPU.ActiveCfg = Debug|Any CPU
		{D7F2AD60-8021-43B4-8E6F-EBE387438C48}.Debug|Any CPU.Build.0 = Debug|Any CPU
		{D7F2AD60-8021-43B4-8E6F-EBE387438C48}.Release|Any CPU.ActiveCfg = Release|Any CPU
		{D7F2AD60-8021-43B4-8E6F-EBE387438C48}.Release|Any CPU.Build.0 = Release|Any CPU
	EndGlobalSection
	GlobalSection(SolutionProperties) = preSolution
		HideSolutionNode = FALSE
	EndGlobalSection
	GlobalSection(NestedProjects) = preSolution
		{4441709F-7CE9-4FC5-B506-748380C94675} = {9A51AACE-6150-4196-B4CB-B13FEC6A91F0}
		{FEE5595B-4693-44EC-ABA7-1F4652C1E3B7} = {9A51AACE-6150-4196-B4CB-B13FEC6A91F0}
		{7CDFB3A8-1310-4F49-B3D0-A4663BD8128D} = {9A51AACE-6150-4196-B4CB-B13FEC6A91F0}
		{719B7B78-23CD-4C5B-A0D4-F80D9BC563CC} = {9A51AACE-6150-4196-B4CB-B13FEC6A91F0}
		{2DCD83F7-D587-4392-A2D1-2A2284601CD1} = {9A51AACE-6150-4196-B4CB-B13FEC6A91F0}
		{080B017A-C5B4-4A3E-A650-0E7284F56428} = {9A51AACE-6150-4196-B4CB-B13FEC6A91F0}
		{CE6A3335-3875-4D4D-9510-19F9B822C3B5} = {9A51AACE-6150-4196-B4CB-B13FEC6A91F0}
		{D0C3D89A-17FC-4055-B9D0-A7436BB02FA4} = {9A51AACE-6150-4196-B4CB-B13FEC6A91F0}
		{AB626853-D25A-48E7-A3C0-6120D22E5327} = {9A51AACE-6150-4196-B4CB-B13FEC6A91F0}
		{CA06DFEB-98B2-4700-A64C-C6EFA0512CC6} = {9A51AACE-6150-4196-B4CB-B13FEC6A91F0}
		{D7F2AD60-8021-43B4-8E6F-EBE387438C48} = {5D120DA3-3E71-4DB8-8885-83BC40EA683F}
		{9A51AACE-6150-4196-B4CB-B13FEC6A91F0} = {B2DCA6C3-E10A-4AF9-AC09-BA5F1D376CCB}
		{5D120DA3-3E71-4DB8-8885-83BC40EA683F} = {B2DCA6C3-E10A-4AF9-AC09-BA5F1D376CCB}
	EndGlobalSection
	GlobalSection(ExtensibilityGlobals) = postSolution
		SolutionGuid = {4F714DAF-1B5E-4AB1-A7C5-E2AA3B776FBC}
	EndGlobalSection
EndGlobal
