
Microsoft Visual Studio Solution File, Format Version 12.00
# Visual Studio Version 17
VisualStudioVersion = 17.9.34728.123
MinimumVisualStudioVersion = 10.0.40219.1
Project("{9A19103F-16F7-4668-BE54-9A1E7A4F7556}") = "The Defense of Consolas", "The Defense of Consolas\The Defense of Consolas.csproj", "{4441709F-7CE9-4FC5-B506-748380C94675}"
EndProject
Project("{9A19103F-16F7-4668-BE54-9A1E7A4F7556}") = "Watchtower", "Watchtower\Watchtower.csproj", "{FEE5595B-4693-44EC-ABA7-1F4652C1E3B7}"
EndProject
Project("{9A19103F-16F7-4668-BE54-9A1E7A4F7556}") = "Buying Inventory", "Buying Inventory\Buying Inventory.csproj", "{7CDFB3A8-1310-4F49-B3D0-A4663BD8128D}"
EndProject
Project("{9A19103F-16F7-4668-BE54-9A1E7A4F7556}") = "The Prototype", "The Prototype\The Prototype.csproj", "{719B7B78-23CD-4C5B-A0D4-F80D9BC563CC}"
EndProject
Project("{9A19103F-16F7-4668-BE54-9A1E7A4F7556}") = "The Magic Cannon", "The Magic Cannon\The Magic Cannon.csproj", "{2DCD83F7-D587-4392-A2D1-2A2284601CD1}"
EndProject
Project("{9A19103F-16F7-4668-BE54-9A1E7A4F7556}") = "The Replicator of D’To", "The Replicator of D’To\The Replicator of D’To.csproj", "{080B017A-C5B4-4A3E-A650-0E7284F56428}"
EndProject
Project("{9A19103F-16F7-4668-BE54-9A1E7A4F7556}") = "The Laws of Freach", "The Laws of Freach\The Laws of Freach.csproj", "{CE6A3335-3875-4D4D-9510-19F9B822C3B5}"
EndProject
Project("{9A19103F-16F7-4668-BE54-9A1E7A4F7556}") = "Taking a Number", "Taking a Number\Taking a Number.csproj", "{D0C3D89A-17FC-4055-B9D0-A7436BB02FA4}"
EndProject
Project("{9A19103F-16F7-4668-BE54-9A1E7A4F7556}") = "Countdown", "Countdown\Countdown.csproj", "{AB626853-D25A-48E7-A3C0-6120D22E5327}"
EndProject
Project("{9A19103F-16F7-4668-BE54-9A1E7A4F7556}") = "Hunting the Manticore", "Hunting the Manticore\Hunting the Manticore.csproj", "{CA06DFEB-98B2-4700-A64C-C6EFA0512CC6}"
EndProject
Project("{2150E333-8FDC-42A3-9474-1A3956D46DE8}") = "part1_the_basics", "part1_the_basics", "{B2DCA6C3-E10A-4AF9-AC09-BA5F1D376CCB}"
EndProject
Project("{9A19103F-16F7-4668-BE54-9A1E7A4F7556}") = "Simula’s Test", "Simula’s Test\Simula’s Test.csproj", "{D7F2AD60-8021-43B4-8E6F-EBE387438C48}"
EndProject
Project("{9A19103F-16F7-4668-BE54-9A1E7A4F7556}") = "Simula’s Soup", "Simula’s Soup\Simula’s Soup.csproj", "{A5381E6C-F914-48B3-A092-4044C928B667}"
EndProject
Project("{9A19103F-16F7-4668-BE54-9A1E7A4F7556}") = "Vin Fletcher’s Arrows", "Vin Fletcher’s Arrows\Vin Fletcher’s Arrows.csproj", "{5C418C6B-9E12-4CBB-BFB7-742AC16823D2}"
EndProject
Project("{9A19103F-16F7-4668-BE54-9A1E7A4F7556}") = "The Point", "The Point\The Point.csproj", "{39E83FBE-F726-4876-B2ED-A6053B24964A}"
EndProject
Project("{FAE04EC0-301F-11D3-BF4B-00C04F79EFBC}") = "The Color", "The Color\The Color.csproj", "{347DF9F8-EA98-4FA0-9E86-6BED37C9D30C}"
EndProject
Project("{FAE04EC0-301F-11D3-BF4B-00C04F79EFBC}") = "The Card", "The Card\The Card.csproj", "{D43157F0-323B-456B-B7E7-23C7AB1104A7}"
EndProject
Project("{2150E333-8FDC-42A3-9474-1A3956D46DE8}") = "part2_object_oriented_programming", "part2_object_oriented_programming", "{9B9F9A8D-B1B4-4029-9E74-149AB3B34B57}"
EndProject
Project("{FAE04EC0-301F-11D3-BF4B-00C04F79EFBC}") = "The Locked Door", "The Locked Door\The Locked Door.csproj", "{4D8FA2B9-97DC-45AC-B052-A5F749CB6E76}"
EndProject
Global
	GlobalSection(SolutionConfigurationPlatforms) = preSolution
		Debug|Any CPU = Debug|Any CPU
		Release|Any CPU = Release|Any CPU
	EndGlobalSection
	GlobalSection(ProjectConfigurationPlatforms) = postSolution
		{4441709F-7CE9-4FC5-B506-748380C94675}.Debug|Any CPU.ActiveCfg = Debug|Any CPU
		{4441709F-7CE9-4FC5-B506-748380C94675}.Debug|Any CPU.Build.0 = Debug|Any CPU
		{4441709F-7CE9-4FC5-B506-748380C94675}.Release|Any CPU.ActiveCfg = Release|Any CPU
		{4441709F-7CE9-4FC5-B506-748380C94675}.Release|Any CPU.Build.0 = Release|Any CPU
		{FEE5595B-4693-44EC-ABA7-1F4652C1E3B7}.Debug|Any CPU.ActiveCfg = Debug|Any CPU
		{FEE5595B-4693-44EC-ABA7-1F4652C1E3B7}.Debug|Any CPU.Build.0 = Debug|Any CPU
		{FEE5595B-4693-44EC-ABA7-1F4652C1E3B7}.Release|Any CPU.ActiveCfg = Release|Any CPU
		{FEE5595B-4693-44EC-ABA7-1F4652C1E3B7}.Release|Any CPU.Build.0 = Release|Any CPU
		{7CDFB3A8-1310-4F49-B3D0-A4663BD8128D}.Debug|Any CPU.ActiveCfg = Debug|Any CPU
		{7CDFB3A8-1310-4F49-B3D0-A4663BD8128D}.Debug|Any CPU.Build.0 = Debug|Any CPU
		{7CDFB3A8-1310-4F49-B3D0-A4663BD8128D}.Release|Any CPU.ActiveCfg = Release|Any CPU
		{7CDFB3A8-1310-4F49-B3D0-A4663BD8128D}.Release|Any CPU.Build.0 = Release|Any CPU
		{719B7B78-23CD-4C5B-A0D4-F80D9BC563CC}.Debug|Any CPU.ActiveCfg = Debug|Any CPU
		{719B7B78-23CD-4C5B-A0D4-F80D9BC563CC}.Debug|Any CPU.Build.0 = Debug|Any CPU
		{719B7B78-23CD-4C5B-A0D4-F80D9BC563CC}.Release|Any CPU.ActiveCfg = Release|Any CPU
		{719B7B78-23CD-4C5B-A0D4-F80D9BC563CC}.Release|Any CPU.Build.0 = Release|Any CPU
		{2DCD83F7-D587-4392-A2D1-2A2284601CD1}.Debug|Any CPU.ActiveCfg = Debug|Any CPU
		{2DCD83F7-D587-4392-A2D1-2A2284601CD1}.Debug|Any CPU.Build.0 = Debug|Any CPU
		{2DCD83F7-D587-4392-A2D1-2A2284601CD1}.Release|Any CPU.ActiveCfg = Release|Any CPU
		{2DCD83F7-D587-4392-A2D1-2A2284601CD1}.Release|Any CPU.Build.0 = Release|Any CPU
		{080B017A-C5B4-4A3E-A650-0E7284F56428}.Debug|Any CPU.ActiveCfg = Debug|Any CPU
		{080B017A-C5B4-4A3E-A650-0E7284F56428}.Debug|Any CPU.Build.0 = Debug|Any CPU
		{080B017A-C5B4-4A3E-A650-0E7284F56428}.Release|Any CPU.ActiveCfg = Release|Any CPU
		{080B017A-C5B4-4A3E-A650-0E7284F56428}.Release|Any CPU.Build.0 = Release|Any CPU
		{CE6A3335-3875-4D4D-9510-19F9B822C3B5}.Debug|Any CPU.ActiveCfg = Debug|Any CPU
		{CE6A3335-3875-4D4D-9510-19F9B822C3B5}.Debug|Any CPU.Build.0 = Debug|Any CPU
		{CE6A3335-3875-4D4D-9510-19F9B822C3B5}.Release|Any CPU.ActiveCfg = Release|Any CPU
		{CE6A3335-3875-4D4D-9510-19F9B822C3B5}.Release|Any CPU.Build.0 = Release|Any CPU
		{D0C3D89A-17FC-4055-B9D0-A7436BB02FA4}.Debug|Any CPU.ActiveCfg = Debug|Any CPU
		{D0C3D89A-17FC-4055-B9D0-A7436BB02FA4}.Debug|Any CPU.Build.0 = Debug|Any CPU
		{D0C3D89A-17FC-4055-B9D0-A7436BB02FA4}.Release|Any CPU.ActiveCfg = Release|Any CPU
		{D0C3D89A-17FC-4055-B9D0-A7436BB02FA4}.Release|Any CPU.Build.0 = Release|Any CPU
		{AB626853-D25A-48E7-A3C0-6120D22E5327}.Debug|Any CPU.ActiveCfg = Debug|Any CPU
		{AB626853-D25A-48E7-A3C0-6120D22E5327}.Debug|Any CPU.Build.0 = Debug|Any CPU
		{AB626853-D25A-48E7-A3C0-6120D22E5327}.Release|Any CPU.ActiveCfg = Release|Any CPU
		{AB626853-D25A-48E7-A3C0-6120D22E5327}.Release|Any CPU.Build.0 = Release|Any CPU
		{CA06DFEB-98B2-4700-A64C-C6EFA0512CC6}.Debug|Any CPU.ActiveCfg = Debug|Any CPU
		{CA06DFEB-98B2-4700-A64C-C6EFA0512CC6}.Debug|Any CPU.Build.0 = Debug|Any CPU
		{CA06DFEB-98B2-4700-A64C-C6EFA0512CC6}.Release|Any CPU.ActiveCfg = Release|Any CPU
		{CA06DFEB-98B2-4700-A64C-C6EFA0512CC6}.Release|Any CPU.Build.0 = Release|Any CPU
		{D7F2AD60-8021-43B4-8E6F-EBE387438C48}.Debug|Any CPU.ActiveCfg = Debug|Any CPU
		{D7F2AD60-8021-43B4-8E6F-EBE387438C48}.Debug|Any CPU.Build.0 = Debug|Any CPU
		{D7F2AD60-8021-43B4-8E6F-EBE387438C48}.Release|Any CPU.ActiveCfg = Release|Any CPU
		{D7F2AD60-8021-43B4-8E6F-EBE387438C48}.Release|Any CPU.Build.0 = Release|Any CPU
		{A5381E6C-F914-48B3-A092-4044C928B667}.Debug|Any CPU.ActiveCfg = Debug|Any CPU
		{A5381E6C-F914-48B3-A092-4044C928B667}.Debug|Any CPU.Build.0 = Debug|Any CPU
		{A5381E6C-F914-48B3-A092-4044C928B667}.Release|Any CPU.ActiveCfg = Release|Any CPU
		{A5381E6C-F914-48B3-A092-4044C928B667}.Release|Any CPU.Build.0 = Release|Any CPU
		{5C418C6B-9E12-4CBB-BFB7-742AC16823D2}.Debug|Any CPU.ActiveCfg = Debug|Any CPU
		{5C418C6B-9E12-4CBB-BFB7-742AC16823D2}.Debug|Any CPU.Build.0 = Debug|Any CPU
		{5C418C6B-9E12-4CBB-BFB7-742AC16823D2}.Release|Any CPU.ActiveCfg = Release|Any CPU
		{5C418C6B-9E12-4CBB-BFB7-742AC16823D2}.Release|Any CPU.Build.0 = Release|Any CPU
		{39E83FBE-F726-4876-B2ED-A6053B24964A}.Debug|Any CPU.ActiveCfg = Debug|Any CPU
		{39E83FBE-F726-4876-B2ED-A6053B24964A}.Debug|Any CPU.Build.0 = Debug|Any CPU
		{39E83FBE-F726-4876-B2ED-A6053B24964A}.Release|Any CPU.ActiveCfg = Release|Any CPU
		{39E83FBE-F726-4876-B2ED-A6053B24964A}.Release|Any CPU.Build.0 = Release|Any CPU
		{347DF9F8-EA98-4FA0-9E86-6BED37C9D30C}.Debug|Any CPU.ActiveCfg = Debug|Any CPU
		{347DF9F8-EA98-4FA0-9E86-6BED37C9D30C}.Debug|Any CPU.Build.0 = Debug|Any CPU
		{347DF9F8-EA98-4FA0-9E86-6BED37C9D30C}.Release|Any CPU.ActiveCfg = Release|Any CPU
		{347DF9F8-EA98-4FA0-9E86-6BED37C9D30C}.Release|Any CPU.Build.0 = Release|Any CPU
		{D43157F0-323B-456B-B7E7-23C7AB1104A7}.Debug|Any CPU.ActiveCfg = Debug|Any CPU
		{D43157F0-323B-456B-B7E7-23C7AB1104A7}.Debug|Any CPU.Build.0 = Debug|Any CPU
		{D43157F0-323B-456B-B7E7-23C7AB1104A7}.Release|Any CPU.ActiveCfg = Release|Any CPU
		{D43157F0-323B-456B-B7E7-23C7AB1104A7}.Release|Any CPU.Build.0 = Release|Any CPU
		{4D8FA2B9-97DC-45AC-B052-A5F749CB6E76}.Debug|Any CPU.ActiveCfg = Debug|Any CPU
		{4D8FA2B9-97DC-45AC-B052-A5F749CB6E76}.Debug|Any CPU.Build.0 = Debug|Any CPU
		{4D8FA2B9-97DC-45AC-B052-A5F749CB6E76}.Release|Any CPU.ActiveCfg = Release|Any CPU
		{4D8FA2B9-97DC-45AC-B052-A5F749CB6E76}.Release|Any CPU.Build.0 = Release|Any CPU
	EndGlobalSection
	GlobalSection(SolutionProperties) = preSolution
		HideSolutionNode = FALSE
	EndGlobalSection
	GlobalSection(NestedProjects) = preSolution
		{4441709F-7CE9-4FC5-B506-748380C94675} = {B2DCA6C3-E10A-4AF9-AC09-BA5F1D376CCB}
		{FEE5595B-4693-44EC-ABA7-1F4652C1E3B7} = {B2DCA6C3-E10A-4AF9-AC09-BA5F1D376CCB}
		{7CDFB3A8-1310-4F49-B3D0-A4663BD8128D} = {B2DCA6C3-E10A-4AF9-AC09-BA5F1D376CCB}
		{719B7B78-23CD-4C5B-A0D4-F80D9BC563CC} = {B2DCA6C3-E10A-4AF9-AC09-BA5F1D376CCB}
		{2DCD83F7-D587-4392-A2D1-2A2284601CD1} = {B2DCA6C3-E10A-4AF9-AC09-BA5F1D376CCB}
		{080B017A-C5B4-4A3E-A650-0E7284F56428} = {B2DCA6C3-E10A-4AF9-AC09-BA5F1D376CCB}
		{CE6A3335-3875-4D4D-9510-19F9B822C3B5} = {B2DCA6C3-E10A-4AF9-AC09-BA5F1D376CCB}
		{D0C3D89A-17FC-4055-B9D0-A7436BB02FA4} = {B2DCA6C3-E10A-4AF9-AC09-BA5F1D376CCB}
		{AB626853-D25A-48E7-A3C0-6120D22E5327} = {B2DCA6C3-E10A-4AF9-AC09-BA5F1D376CCB}
		{CA06DFEB-98B2-4700-A64C-C6EFA0512CC6} = {B2DCA6C3-E10A-4AF9-AC09-BA5F1D376CCB}
		{D7F2AD60-8021-43B4-8E6F-EBE387438C48} = {B2DCA6C3-E10A-4AF9-AC09-BA5F1D376CCB}
		{A5381E6C-F914-48B3-A092-4044C928B667} = {B2DCA6C3-E10A-4AF9-AC09-BA5F1D376CCB}
		{5C418C6B-9E12-4CBB-BFB7-742AC16823D2} = {B2DCA6C3-E10A-4AF9-AC09-BA5F1D376CCB}
		{39E83FBE-F726-4876-B2ED-A6053B24964A} = {B2DCA6C3-E10A-4AF9-AC09-BA5F1D376CCB}
		{347DF9F8-EA98-4FA0-9E86-6BED37C9D30C} = {B2DCA6C3-E10A-4AF9-AC09-BA5F1D376CCB}
		{D43157F0-323B-456B-B7E7-23C7AB1104A7} = {B2DCA6C3-E10A-4AF9-AC09-BA5F1D376CCB}
		{4D8FA2B9-97DC-45AC-B052-A5F749CB6E76} = {9B9F9A8D-B1B4-4029-9E74-149AB3B34B57}
	EndGlobalSection
	GlobalSection(ExtensibilityGlobals) = postSolution
		SolutionGuid = {4F714DAF-1B5E-4AB1-A7C5-E2AA3B776FBC}
	EndGlobalSection
EndGlobal
